// !$*UTF8*$!
{
	archiveVersion = 1;
	classes = {
	};
	objectVersion = 55;
	objects = {

/* Begin PBXBuildFile section */
		B9A7E5C02845E844004307B2 /* RestaurantTableViewCell.swift in Sources */ = {isa = PBXBuildFile; fileRef = B9A7E5BF2845E844004307B2 /* RestaurantTableViewCell.swift */; };
		B9D981552834BA9A002764DA /* AppDelegate.swift in Sources */ = {isa = PBXBuildFile; fileRef = B9D981542834BA9A002764DA /* AppDelegate.swift */; };
		B9D981572834BA9A002764DA /* SceneDelegate.swift in Sources */ = {isa = PBXBuildFile; fileRef = B9D981562834BA9A002764DA /* SceneDelegate.swift */; };
		B9D9815C2834BA9A002764DA /* Main.storyboard in Resources */ = {isa = PBXBuildFile; fileRef = B9D9815A2834BA9A002764DA /* Main.storyboard */; };
		B9D9815E2834BA9D002764DA /* Assets.xcassets in Resources */ = {isa = PBXBuildFile; fileRef = B9D9815D2834BA9D002764DA /* Assets.xcassets */; };
		B9D981612834BA9D002764DA /* LaunchScreen.storyboard in Resources */ = {isa = PBXBuildFile; fileRef = B9D9815F2834BA9D002764DA /* LaunchScreen.storyboard */; };
		B9D9816C2834BA9D002764DA /* CustomTableViewTests.swift in Sources */ = {isa = PBXBuildFile; fileRef = B9D9816B2834BA9D002764DA /* CustomTableViewTests.swift */; };
		B9D981762834BA9D002764DA /* CustomTableViewUITests.swift in Sources */ = {isa = PBXBuildFile; fileRef = B9D981752834BA9D002764DA /* CustomTableViewUITests.swift */; };
		B9D981782834BA9D002764DA /* CustomTableViewUITestsLaunchTests.swift in Sources */ = {isa = PBXBuildFile; fileRef = B9D981772834BA9D002764DA /* CustomTableViewUITestsLaunchTests.swift */; };
		B9D981852834BBB3002764DA /* RestaurantTableViewController.swift in Sources */ = {isa = PBXBuildFile; fileRef = B9D981842834BBB3002764DA /* RestaurantTableViewController.swift */; };
/* End PBXBuildFile section */

/* Begin PBXContainerItemProxy section */
		B9D981682834BA9D002764DA /* PBXContainerItemProxy */ = {
			isa = PBXContainerItemProxy;
			containerPortal = B9D981492834BA9A002764DA /* Project object */;
			proxyType = 1;
			remoteGlobalIDString = B9D981502834BA9A002764DA;
			remoteInfo = CustomTableView;
		};
		B9D981722834BA9D002764DA /* PBXContainerItemProxy */ = {
			isa = PBXContainerItemProxy;
			containerPortal = B9D981492834BA9A002764DA /* Project object */;
			proxyType = 1;
			remoteGlobalIDString = B9D981502834BA9A002764DA;
			remoteInfo = CustomTableView;
		};
/* End PBXContainerItemProxy section */

/* Begin PBXFileReference section */
		B9A7E5BF2845E844004307B2 /* RestaurantTableViewCell.swift */ = {isa = PBXFileReference; lastKnownFileType = sourcecode.swift; path = RestaurantTableViewCell.swift; sourceTree = "<group>"; };
		B9D981512834BA9A002764DA /* CustomTableView.app */ = {isa = PBXFileReference; explicitFileType = wrapper.application; includeInIndex = 0; path = CustomTableView.app; sourceTree = BUILT_PRODUCTS_DIR; };
		B9D981542834BA9A002764DA /* AppDelegate.swift */ = {isa = PBXFileReference; lastKnownFileType = sourcecode.swift; path = AppDelegate.swift; sourceTree = "<group>"; };
		B9D981562834BA9A002764DA /* SceneDelegate.swift */ = {isa = PBXFileReference; lastKnownFileType = sourcecode.swift; path = SceneDelegate.swift; sourceTree = "<group>"; };
		B9D9815B2834BA9A002764DA /* Base */ = {isa = PBXFileReference; lastKnownFileType = file.storyboard; name = Base; path = Base.lproj/Main.storyboard; sourceTree = "<group>"; };
		B9D9815D2834BA9D002764DA /* Assets.xcassets */ = {isa = PBXFileReference; lastKnownFileType = folder.assetcatalog; path = Assets.xcassets; sourceTree = "<group>"; };
		B9D981602834BA9D002764DA /* Base */ = {isa = PBXFileReference; lastKnownFileType = file.storyboard; name = Base; path = Base.lproj/LaunchScreen.storyboard; sourceTree = "<group>"; };
		B9D981622834BA9D002764DA /* Info.plist */ = {isa = PBXFileReference; lastKnownFileType = text.plist.xml; path = Info.plist; sourceTree = "<group>"; };
		B9D981672834BA9D002764DA /* CustomTableViewTests.xctest */ = {isa = PBXFileReference; explicitFileType = wrapper.cfbundle; includeInIndex = 0; path = CustomTableViewTests.xctest; sourceTree = BUILT_PRODUCTS_DIR; };
		B9D9816B2834BA9D002764DA /* CustomTableViewTests.swift */ = {isa = PBXFileReference; lastKnownFileType = sourcecode.swift; path = CustomTableViewTests.swift; sourceTree = "<group>"; };
		B9D981712834BA9D002764DA /* CustomTableViewUITests.xctest */ = {isa = PBXFileReference; explicitFileType = wrapper.cfbundle; includeInIndex = 0; path = CustomTableViewUITests.xctest; sourceTree = BUILT_PRODUCTS_DIR; };
		B9D981752834BA9D002764DA /* CustomTableViewUITests.swift */ = {isa = PBXFileReference; lastKnownFileType = sourcecode.swift; path = CustomTableViewUITests.swift; sourceTree = "<group>"; };
		B9D981772834BA9D002764DA /* CustomTableViewUITestsLaunchTests.swift */ = {isa = PBXFileReference; lastKnownFileType = sourcecode.swift; path = CustomTableViewUITestsLaunchTests.swift; sourceTree = "<group>"; };
		B9D981842834BBB3002764DA /* RestaurantTableViewController.swift */ = {isa = PBXFileReference; lastKnownFileType = sourcecode.swift; path = RestaurantTableViewController.swift; sourceTree = "<group>"; };
/* End PBXFileReference section */

/* Begin PBXFrameworksBuildPhase section */
		B9D9814E2834BA9A002764DA /* Frameworks */ = {
			isa = PBXFrameworksBuildPhase;
			buildActionMask = 2147483647;
			files = (
			);
			runOnlyForDeploymentPostprocessing = 0;
		};
		B9D981642834BA9D002764DA /* Frameworks */ = {
			isa = PBXFrameworksBuildPhase;
			buildActionMask = 2147483647;
			files = (
			);
			runOnlyForDeploymentPostprocessing = 0;
		};
		B9D9816E2834BA9D002764DA /* Frameworks */ = {
			isa = PBXFrameworksBuildPhase;
			buildActionMask = 2147483647;
			files = (
			);
			runOnlyForDeploymentPostprocessing = 0;
		};
/* End PBXFrameworksBuildPhase section */

/* Begin PBXGroup section */
		B9D981482834BA9A002764DA = {
			isa = PBXGroup;
			children = (
				B9D981532834BA9A002764DA /* CustomTableView */,
				B9D9816A2834BA9D002764DA /* CustomTableViewTests */,
				B9D981742834BA9D002764DA /* CustomTableViewUITests */,
				B9D981522834BA9A002764DA /* Products */,
			);
			sourceTree = "<group>";
		};
		B9D981522834BA9A002764DA /* Products */ = {
			isa = PBXGroup;
			children = (
				B9D981512834BA9A002764DA /* CustomTableView.app */,
				B9D981672834BA9D002764DA /* CustomTableViewTests.xctest */,
				B9D981712834BA9D002764DA /* CustomTableViewUITests.xctest */,
			);
			name = Products;
			sourceTree = "<group>";
		};
		B9D981532834BA9A002764DA /* CustomTableView */ = {
			isa = PBXGroup;
			children = (
				B9D981542834BA9A002764DA /* AppDelegate.swift */,
				B9D981562834BA9A002764DA /* SceneDelegate.swift */,
				B9D9815A2834BA9A002764DA /* Main.storyboard */,
				B9D9815D2834BA9D002764DA /* Assets.xcassets */,
				B9D9815F2834BA9D002764DA /* LaunchScreen.storyboard */,
				B9D981622834BA9D002764DA /* Info.plist */,
				B9D981842834BBB3002764DA /* RestaurantTableViewController.swift */,
				B9A7E5BF2845E844004307B2 /* RestaurantTableViewCell.swift */,
			);
			path = CustomTableView;
			sourceTree = "<group>";
		};
		B9D9816A2834BA9D002764DA /* CustomTableViewTests */ = {
			isa = PBXGroup;
			children = (
				B9D9816B2834BA9D002764DA /* CustomTableViewTests.swift */,
			);
			path = CustomTableViewTests;
			sourceTree = "<group>";
		};
		B9D981742834BA9D002764DA /* CustomTableViewUITests */ = {
			isa = PBXGroup;
			children = (
				B9D981752834BA9D002764DA /* CustomTableViewUITests.swift */,
				B9D981772834BA9D002764DA /* CustomTableViewUITestsLaunchTests.swift */,
			);
			path = CustomTableViewUITests;
			sourceTree = "<group>";
		};
/* End PBXGroup section */

/* Begin PBXNativeTarget section */
		B9D981502834BA9A002764DA /* CustomTableView */ = {
			isa = PBXNativeTarget;
			buildConfigurationList = B9D9817B2834BA9D002764DA /* Build configuration list for PBXNativeTarget "CustomTableView" */;
			buildPhases = (
				B9D9814D2834BA9A002764DA /* Sources */,
				B9D9814E2834BA9A002764DA /* Frameworks */,
				B9D9814F2834BA9A002764DA /* Resources */,
			);
			buildRules = (
			);
			dependencies = (
			);
			name = CustomTableView;
			productName = CustomTableView;
			productReference = B9D981512834BA9A002764DA /* CustomTableView.app */;
			productType = "com.apple.product-type.application";
		};
		B9D981662834BA9D002764DA /* CustomTableViewTests */ = {
			isa = PBXNativeTarget;
			buildConfigurationList = B9D9817E2834BA9D002764DA /* Build configuration list for PBXNativeTarget "CustomTableViewTests" */;
			buildPhases = (
				B9D981632834BA9D002764DA /* Sources */,
				B9D981642834BA9D002764DA /* Frameworks */,
				B9D981652834BA9D002764DA /* Resources */,
			);
			buildRules = (
			);
			dependencies = (
				B9D981692834BA9D002764DA /* PBXTargetDependency */,
			);
			name = CustomTableViewTests;
			productName = CustomTableViewTests;
			productReference = B9D981672834BA9D002764DA /* CustomTableViewTests.xctest */;
			productType = "com.apple.product-type.bundle.unit-test";
		};
		B9D981702834BA9D002764DA /* CustomTableViewUITests */ = {
			isa = PBXNativeTarget;
			buildConfigurationList = B9D981812834BA9D002764DA /* Build configuration list for PBXNativeTarget "CustomTableViewUITests" */;
			buildPhases = (
				B9D9816D2834BA9D002764DA /* Sources */,
				B9D9816E2834BA9D002764DA /* Frameworks */,
				B9D9816F2834BA9D002764DA /* Resources */,
			);
			buildRules = (
			);
			dependencies = (
				B9D981732834BA9D002764DA /* PBXTargetDependency */,
			);
			name = CustomTableViewUITests;
			productName = CustomTableViewUITests;
			productReference = B9D981712834BA9D002764DA /* CustomTableViewUITests.xctest */;
			productType = "com.apple.product-type.bundle.ui-testing";
		};
/* End PBXNativeTarget section */

/* Begin PBXProject section */
		B9D981492834BA9A002764DA /* Project object */ = {
			isa = PBXProject;
			attributes = {
				BuildIndependentTargetsInParallel = 1;
				LastSwiftUpdateCheck = 1330;
				LastUpgradeCheck = 1330;
				TargetAttributes = {
					B9D981502834BA9A002764DA = {
						CreatedOnToolsVersion = 13.3.1;
					};
					B9D981662834BA9D002764DA = {
						CreatedOnToolsVersion = 13.3.1;
						TestTargetID = B9D981502834BA9A002764DA;
					};
					B9D981702834BA9D002764DA = {
						CreatedOnToolsVersion = 13.3.1;
						TestTargetID = B9D981502834BA9A002764DA;
					};
				};
			};
			buildConfigurationList = B9D9814C2834BA9A002764DA /* Build configuration list for PBXProject "CustomTableView" */;
			compatibilityVersion = "Xcode 13.0";
			developmentRegion = en;
			hasScannedForEncodings = 0;
			knownRegions = (
				en,
				Base,
			);
			mainGroup = B9D981482834BA9A002764DA;
			productRefGroup = B9D981522834BA9A002764DA /* Products */;
			projectDirPath = "";
			projectRoot = "";
			targets = (
				B9D981502834BA9A002764DA /* CustomTableView */,
				B9D981662834BA9D002764DA /* CustomTableViewTests */,
				B9D981702834BA9D002764DA /* CustomTableViewUITests */,
			);
		};
/* End PBXProject section */

/* Begin PBXResourcesBuildPhase section */
		B9D9814F2834BA9A002764DA /* Resources */ = {
			isa = PBXResourcesBuildPhase;
			buildActionMask = 2147483647;
			files = (
				B9D981612834BA9D002764DA /* LaunchScreen.storyboard in Resources */,
				B9D9815E2834BA9D002764DA /* Assets.xcassets in Resources */,
				B9D9815C2834BA9A002764DA /* Main.storyboard in Resources */,
			);
			runOnlyForDeploymentPostprocessing = 0;
		};
		B9D981652834BA9D002764DA /* Resources */ = {
			isa = PBXResourcesBuildPhase;
			buildActionMask = 2147483647;
			files = (
			);
			runOnlyForDeploymentPostprocessing = 0;
		};
		B9D9816F2834BA9D002764DA /* Resources */ = {
			isa = PBXResourcesBuildPhase;
			buildActionMask = 2147483647;
			files = (
			);
			runOnlyForDeploymentPostprocessing = 0;
		};
/* End PBXResourcesBuildPhase section */

/* Begin PBXSourcesBuildPhase section */
		B9D9814D2834BA9A002764DA /* Sources */ = {
			isa = PBXSourcesBuildPhase;
			buildActionMask = 2147483647;
			files = (
				B9A7E5C02845E844004307B2 /* RestaurantTableViewCell.swift in Sources */,
				B9D981552834BA9A002764DA /* AppDelegate.swift in Sources */,
				B9D981572834BA9A002764DA /* SceneDelegate.swift in Sources */,
				B9D981852834BBB3002764DA /* RestaurantTableViewController.swift in Sources */,
			);
			runOnlyForDeploymentPostprocessing = 0;
		};
		B9D981632834BA9D002764DA /* Sources */ = {
			isa = PBXSourcesBuildPhase;
			buildActionMask = 2147483647;
			files = (
				B9D9816C2834BA9D002764DA /* CustomTableViewTests.swift in Sources */,
			);
			runOnlyForDeploymentPostprocessing = 0;
		};
		B9D9816D2834BA9D002764DA /* Sources */ = {
			isa = PBXSourcesBuildPhase;
			buildActionMask = 2147483647;
			files = (
				B9D981762834BA9D002764DA /* CustomTableViewUITests.swift in Sources */,
				B9D981782834BA9D002764DA /* CustomTableViewUITestsLaunchTests.swift in Sources */,
			);
			runOnlyForDeploymentPostprocessing = 0;
		};
/* End PBXSourcesBuildPhase section */

/* Begin PBXTargetDependency section */
		B9D981692834BA9D002764DA /* PBXTargetDependency */ = {
			isa = PBXTargetDependency;
			target = B9D981502834BA9A002764DA /* CustomTableView */;
			targetProxy = B9D981682834BA9D002764DA /* PBXContainerItemProxy */;
		};
		B9D981732834BA9D002764DA /* PBXTargetDependency */ = {
			isa = PBXTargetDependency;
			target = B9D981502834BA9A002764DA /* CustomTableView */;
			targetProxy = B9D981722834BA9D002764DA /* PBXContainerItemProxy */;
		};
/* End PBXTargetDependency section */

/* Begin PBXVariantGroup section */
		B9D9815A2834BA9A002764DA /* Main.storyboard */ = {
			isa = PBXVariantGroup;
			children = (
				B9D9815B2834BA9A002764DA /* Base */,
			);
			name = Main.storyboard;
			sourceTree = "<group>";
		};
		B9D9815F2834BA9D002764DA /* LaunchScreen.storyboard */ = {
			isa = PBXVariantGroup;
			children = (
				B9D981602834BA9D002764DA /* Base */,
			);
			name = LaunchScreen.storyboard;
			sourceTree = "<group>";
		};
/* End PBXVariantGroup section */

/* Begin XCBuildConfiguration section */
		B9D981792834BA9D002764DA /* Debug */ = {
			isa = XCBuildConfiguration;
			buildSettings = {
				ALWAYS_SEARCH_USER_PATHS = NO;
				CLANG_ANALYZER_NONNULL = YES;
				CLANG_ANALYZER_NUMBER_OBJECT_CONVERSION = YES_AGGRESSIVE;
				CLANG_CXX_LANGUAGE_STANDARD = "gnu++17";
				CLANG_ENABLE_MODULES = YES;
				CLANG_ENABLE_OBJC_ARC = YES;
				CLANG_ENABLE_OBJC_WEAK = YES;
				CLANG_WARN_BLOCK_CAPTURE_AUTORELEASING = YES;
				CLANG_WARN_BOOL_CONVERSION = YES;
				CLANG_WARN_COMMA = YES;
				CLANG_WARN_CONSTANT_CONVERSION = YES;
				CLANG_WARN_DEPRECATED_OBJC_IMPLEMENTATIONS = YES;
				CLANG_WARN_DIRECT_OBJC_ISA_USAGE = YES_ERROR;
				CLANG_WARN_DOCUMENTATION_COMMENTS = YES;
				CLANG_WARN_EMPTY_BODY = YES;
				CLANG_WARN_ENUM_CONVERSION = YES;
				CLANG_WARN_INFINITE_RECURSION = YES;
				CLANG_WARN_INT_CONVERSION = YES;
				CLANG_WARN_NON_LITERAL_NULL_CONVERSION = YES;
				CLANG_WARN_OBJC_IMPLICIT_RETAIN_SELF = YES;
				CLANG_WARN_OBJC_LITERAL_CONVERSION = YES;
				CLANG_WARN_OBJC_ROOT_CLASS = YES_ERROR;
				CLANG_WARN_QUOTED_INCLUDE_IN_FRAMEWORK_HEADER = YES;
				CLANG_WARN_RANGE_LOOP_ANALYSIS = YES;
				CLANG_WARN_STRICT_PROTOTYPES = YES;
				CLANG_WARN_SUSPICIOUS_MOVE = YES;
				CLANG_WARN_UNGUARDED_AVAILABILITY = YES_AGGRESSIVE;
				CLANG_WARN_UNREACHABLE_CODE = YES;
				CLANG_WARN__DUPLICATE_METHOD_MATCH = YES;
				COPY_PHASE_STRIP = NO;
				DEBUG_INFORMATION_FORMAT = dwarf;
				ENABLE_STRICT_OBJC_MSGSEND = YES;
				ENABLE_TESTABILITY = YES;
				GCC_C_LANGUAGE_STANDARD = gnu11;
				GCC_DYNAMIC_NO_PIC = NO;
				GCC_NO_COMMON_BLOCKS = YES;
				GCC_OPTIMIZATION_LEVEL = 0;
				GCC_PREPROCESSOR_DEFINITIONS = (
					"DEBUG=1",
					"$(inherited)",
				);
				GCC_WARN_64_TO_32_BIT_CONVERSION = YES;
				GCC_WARN_ABOUT_RETURN_TYPE = YES_ERROR;
				GCC_WARN_UNDECLARED_SELECTOR = YES;
				GCC_WARN_UNINITIALIZED_AUTOS = YES_AGGRESSIVE;
				GCC_WARN_UNUSED_FUNCTION = YES;
				GCC_WARN_UNUSED_VARIABLE = YES;
				IPHONEOS_DEPLOYMENT_TARGET = 15.4;
				MTL_ENABLE_DEBUG_INFO = INCLUDE_SOURCE;
				MTL_FAST_MATH = YES;
				ONLY_ACTIVE_ARCH = YES;
				SDKROOT = iphoneos;
				SWIFT_ACTIVE_COMPILATION_CONDITIONS = DEBUG;
				SWIFT_OPTIMIZATION_LEVEL = "-Onone";
			};
			name = Debug;
		};
		B9D9817A2834BA9D002764DA /* Release */ = {
			isa = XCBuildConfiguration;
			buildSettings = {
				ALWAYS_SEARCH_USER_PATHS = NO;
				CLANG_ANALYZER_NONNULL = YES;
				CLANG_ANALYZER_NUMBER_OBJECT_CONVERSION = YES_AGGRESSIVE;
				CLANG_CXX_LANGUAGE_STANDARD = "gnu++17";
				CLANG_ENABLE_MODULES = YES;
				CLANG_ENABLE_OBJC_ARC = YES;
				CLANG_ENABLE_OBJC_WEAK = YES;
				CLANG_WARN_BLOCK_CAPTURE_AUTORELEASING = YES;
				CLANG_WARN_BOOL_CONVERSION = YES;
				CLANG_WARN_COMMA = YES;
				CLANG_WARN_CONSTANT_CONVERSION = YES;
				CLANG_WARN_DEPRECATED_OBJC_IMPLEMENTATIONS = YES;
				CLANG_WARN_DIRECT_OBJC_ISA_USAGE = YES_ERROR;
				CLANG_WARN_DOCUMENTATION_COMMENTS = YES;
				CLANG_WARN_EMPTY_BODY = YES;
				CLANG_WARN_ENUM_CONVERSION = YES;
				CLANG_WARN_INFINITE_RECURSION = YES;
				CLANG_WARN_INT_CONVERSION = YES;
				CLANG_WARN_NON_LITERAL_NULL_CONVERSION = YES;
				CLANG_WARN_OBJC_IMPLICIT_RETAIN_SELF = YES;
				CLANG_WARN_OBJC_LITERAL_CONVERSION = YES;
				CLANG_WARN_OBJC_ROOT_CLASS = YES_ERROR;
				CLANG_WARN_QUOTED_INCLUDE_IN_FRAMEWORK_HEADER = YES;
				CLANG_WARN_RANGE_LOOP_ANALYSIS = YES;
				CLANG_WARN_STRICT_PROTOTYPES = YES;
				CLANG_WARN_SUSPICIOUS_MOVE = YES;
				CLANG_WARN_UNGUARDED_AVAILABILITY = YES_AGGRESSIVE;
				CLANG_WARN_UNREACHABLE_CODE = YES;
				CLANG_WARN__DUPLICATE_METHOD_MATCH = YES;
				COPY_PHASE_STRIP = NO;
				DEBUG_INFORMATION_FORMAT = "dwarf-with-dsym";
				ENABLE_NS_ASSERTIONS = NO;
				ENABLE_STRICT_OBJC_MSGSEND = YES;
				GCC_C_LANGUAGE_STANDARD = gnu11;
				GCC_NO_COMMON_BLOCKS = YES;
				GCC_WARN_64_TO_32_BIT_CONVERSION = YES;
				GCC_WARN_ABOUT_RETURN_TYPE = YES_ERROR;
				GCC_WARN_UNDECLARED_SELECTOR = YES;
				GCC_WARN_UNINITIALIZED_AUTOS = YES_AGGRESSIVE;
				GCC_WARN_UNUSED_FUNCTION = YES;
				GCC_WARN_UNUSED_VARIABLE = YES;
				IPHONEOS_DEPLOYMENT_TARGET = 15.4;
				MTL_ENABLE_DEBUG_INFO = NO;
				MTL_FAST_MATH = YES;
				SDKROOT = iphoneos;
				SWIFT_COMPILATION_MODE = wholemodule;
				SWIFT_OPTIMIZATION_LEVEL = "-O";
				VALIDATE_PRODUCT = YES;
			};
			name = Release;
		};
		B9D9817C2834BA9D002764DA /* Debug */ = {
			isa = XCBuildConfiguration;
			buildSettings = {
				ASSETCATALOG_COMPILER_APPICON_NAME = AppIcon;
				ASSETCATALOG_COMPILER_GLOBAL_ACCENT_COLOR_NAME = AccentColor;
				CODE_SIGN_STYLE = Automatic;
				CURRENT_PROJECT_VERSION = 1;
				DEVELOPMENT_TEAM = H93GHLCZJA;
				GENERATE_INFOPLIST_FILE = YES;
				INFOPLIST_FILE = CustomTableView/Info.plist;
				INFOPLIST_KEY_UIApplicationSupportsIndirectInputEvents = YES;
				INFOPLIST_KEY_UILaunchStoryboardName = LaunchScreen;
				INFOPLIST_KEY_UIMainStoryboardFile = Main;
				INFOPLIST_KEY_UISupportedInterfaceOrientations_iPad = "UIInterfaceOrientationPortrait UIInterfaceOrientationPortraitUpsideDown UIInterfaceOrientationLandscapeLeft UIInterfaceOrientationLandscapeRight";
				INFOPLIST_KEY_UISupportedInterfaceOrientations_iPhone = "UIInterfaceOrientationPortrait UIInterfaceOrientationLandscapeLeft UIInterfaceOrientationLandscapeRight";
				LD_RUNPATH_SEARCH_PATHS = (
					"$(inherited)",
					"@executable_path/Frameworks",
				);
				MARKETING_VERSION = 1.0;
				PRODUCT_BUNDLE_IDENTIFIER = io.stockfin.CustomTableView;
				PRODUCT_NAME = "$(TARGET_NAME)";
				SWIFT_EMIT_LOC_STRINGS = YES;
				SWIFT_VERSION = 5.0;
				TARGETED_DEVICE_FAMILY = "1,2";
			};
			name = Debug;
		};
		B9D9817D2834BA9D002764DA /* Release */ = {
			isa = XCBuildConfiguration;
			buildSettings = {
				ASSETCATALOG_COMPILER_APPICON_NAME = AppIcon;
				ASSETCATALOG_COMPILER_GLOBAL_ACCENT_COLOR_NAME = AccentColor;
				CODE_SIGN_STYLE = Automatic;
				CURRENT_PROJECT_VERSION = 1;
				DEVELOPMENT_TEAM = H93GHLCZJA;
				GENERATE_INFOPLIST_FILE = YES;
				INFOPLIST_FILE = CustomTableView/Info.plist;
				INFOPLIST_KEY_UIApplicationSupportsIndirectInputEvents = YES;
				INFOPLIST_KEY_UILaunchStoryboardName = LaunchScreen;
				INFOPLIST_KEY_UIMainStoryboardFile = Main;
				INFOPLIST_KEY_UISupportedInterfaceOrientations_iPad = "UIInterfaceOrientationPortrait UIInterfaceOrientationPortraitUpsideDown UIInterfaceOrientationLandscapeLeft UIInterfaceOrientationLandscapeRight";
				INFOPLIST_KEY_UISupportedInterfaceOrientations_iPhone = "UIInterfaceOrientationPortrait UIInterfaceOrientationLandscapeLeft UIInterfaceOrientationLandscapeRight";
				LD_RUNPATH_SEARCH_PATHS = (
					"$(inherited)",
					"@executable_path/Frameworks",
				);
				MARKETING_VERSION = 1.0;
				PRODUCT_BUNDLE_IDENTIFIER = io.stockfin.CustomTableView;
				PRODUCT_NAME = "$(TARGET_NAME)";
				SWIFT_EMIT_LOC_STRINGS = YES;
				SWIFT_VERSION = 5.0;
				TARGETED_DEVICE_FAMILY = "1,2";
			};
			name = Release;
		};
		B9D9817F2834BA9D002764DA /* Debug */ = {
			isa = XCBuildConfiguration;
			buildSettings = {
				ALWAYS_EMBED_SWIFT_STANDARD_LIBRARIES = YES;
				BUNDLE_LOADER = "$(TEST_HOST)";
				CODE_SIGN_STYLE = Automatic;
				CURRENT_PROJECT_VERSION = 1;
				DEVELOPMENT_TEAM = H93GHLCZJA;
				GENERATE_INFOPLIST_FILE = YES;
				IPHONEOS_DEPLOYMENT_TARGET = 15.4;
				MARKETING_VERSION = 1.0;
				PRODUCT_BUNDLE_IDENTIFIER = io.stockfin.CustomTableViewTests;
				PRODUCT_NAME = "$(TARGET_NAME)";
				SWIFT_EMIT_LOC_STRINGS = NO;
				SWIFT_VERSION = 5.0;
				TARGETED_DEVICE_FAMILY = "1,2";
				TEST_HOST = "$(BUILT_PRODUCTS_DIR)/CustomTableView.app/CustomTableView";
			};
			name = Debug;
		};
		B9D981802834BA9D002764DA /* Release */ = {
			isa = XCBuildConfiguration;
			buildSettings = {
				ALWAYS_EMBED_SWIFT_STANDARD_LIBRARIES = YES;
				BUNDLE_LOADER = "$(TEST_HOST)";
				CODE_SIGN_STYLE = Automatic;
				CURRENT_PROJECT_VERSION = 1;
				DEVELOPMENT_TEAM = H93GHLCZJA;
				GENERATE_INFOPLIST_FILE = YES;
				IPHONEOS_DEPLOYMENT_TARGET = 15.4;
				MARKETING_VERSION = 1.0;
				PRODUCT_BUNDLE_IDENTIFIER = io.stockfin.CustomTableViewTests;
				PRODUCT_NAME = "$(TARGET_NAME)";
				SWIFT_EMIT_LOC_STRINGS = NO;
				SWIFT_VERSION = 5.0;
				TARGETED_DEVICE_FAMILY = "1,2";
				TEST_HOST = "$(BUILT_PRODUCTS_DIR)/CustomTableView.app/CustomTableView";
			};
			name = Release;
		};
		B9D981822834BA9D002764DA /* Debug */ = {
			isa = XCBuildConfiguration;
			buildSettings = {
				ALWAYS_EMBED_SWIFT_STANDARD_LIBRARIES = YES;
				CODE_SIGN_STYLE = Automatic;
				CURRENT_PROJECT_VERSION = 1;
				DEVELOPMENT_TEAM = H93GHLCZJA;
				GENERATE_INFOPLIST_FILE = YES;
				MARKETING_VERSION = 1.0;
				PRODUCT_BUNDLE_IDENTIFIER = io.stockfin.CustomTableViewUITests;
				PRODUCT_NAME = "$(TARGET_NAME)";
				SWIFT_EMIT_LOC_STRINGS = NO;
				SWIFT_VERSION = 5.0;
				TARGETED_DEVICE_FAMILY = "1,2";
				TEST_TARGET_NAME = CustomTableView;
			};
			name = Debug;
		};
		B9D981832834BA9D002764DA /* Release */ = {
			isa = XCBuildConfiguration;
			buildSettings = {
				ALWAYS_EMBED_SWIFT_STANDARD_LIBRARIES = YES;
				CODE_SIGN_STYLE = Automatic;
				CURRENT_PROJECT_VERSION = 1;
				DEVELOPMENT_TEAM = H93GHLCZJA;
				GENERATE_INFOPLIST_FILE = YES;
				MARKETING_VERSION = 1.0;
				PRODUCT_BUNDLE_IDENTIFIER = io.stockfin.CustomTableViewUITests;
				PRODUCT_NAME = "$(TARGET_NAME)";
				SWIFT_EMIT_LOC_STRINGS = NO;
				SWIFT_VERSION = 5.0;
				TARGETED_DEVICE_FAMILY = "1,2";
				TEST_TARGET_NAME = CustomTableView;
			};
			name = Release;
		};
/* End XCBuildConfiguration section */

/* Begin XCConfigurationList section */
		B9D9814C2834BA9A002764DA /* Build configuration list for PBXProject "CustomTableView" */ = {
			isa = XCConfigurationList;
			buildConfigurations = (
				B9D981792834BA9D002764DA /* Debug */,
				B9D9817A2834BA9D002764DA /* Release */,
			);
			defaultConfigurationIsVisible = 0;
			defaultConfigurationName = Release;
		};
		B9D9817B2834BA9D002764DA /* Build configuration list for PBXNativeTarget "CustomTableView" */ = {
			isa = XCConfigurationList;
			buildConfigurations = (
				B9D9817C2834BA9D002764DA /* Debug */,
				B9D9817D2834BA9D002764DA /* Release */,
			);
			defaultConfigurationIsVisible = 0;
			defaultConfigurationName = Release;
		};
		B9D9817E2834BA9D002764DA /* Build configuration list for PBXNativeTarget "CustomTableViewTests" */ = {
			isa = XCConfigurationList;
			buildConfigurations = (
				B9D9817F2834BA9D002764DA /* Debug */,
				B9D981802834BA9D002764DA /* Release */,
			);
			defaultConfigurationIsVisible = 0;
			defaultConfigurationName = Release;
		};
		B9D981812834BA9D002764DA /* Build configuration list for PBXNativeTarget "CustomTableViewUITests" */ = {
			isa = XCConfigurationList;
			buildConfigurations = (
				B9D981822834BA9D002764DA /* Debug */,
				B9D981832834BA9D002764DA /* Release */,
			);
			defaultConfigurationIsVisible = 0;
			defaultConfigurationName = Release;
		};
/* End XCConfigurationList section */
	};
	rootObject = B9D981492834BA9A002764DA /* Project object */;
}
