// !$*UTF8*$!
{
	archiveVersion = 1;
	classes = {
	};
	objectVersion = 55;
	objects = {

/* Begin PBXBuildFile section */
		B9D980DD282A05E7002764DA /* AppDelegate.swift in Sources */ = {isa = PBXBuildFile; fileRef = B9D980DC282A05E7002764DA /* AppDelegate.swift */; };
		B9D980DF282A05E7002764DA /* SceneDelegate.swift in Sources */ = {isa = PBXBuildFile; fileRef = B9D980DE282A05E7002764DA /* SceneDelegate.swift */; };
		B9D980E1282A05E7002764DA /* ViewController.swift in Sources */ = {isa = PBXBuildFile; fileRef = B9D980E0282A05E7002764DA /* ViewController.swift */; };
		B9D980E4282A05E7002764DA /* Main.storyboard in Resources */ = {isa = PBXBuildFile; fileRef = B9D980E2282A05E7002764DA /* Main.storyboard */; };
		B9D980E6282A05EA002764DA /* Assets.xcassets in Resources */ = {isa = PBXBuildFile; fileRef = B9D980E5282A05EA002764DA /* Assets.xcassets */; };
		B9D980E9282A05EA002764DA /* LaunchScreen.storyboard in Resources */ = {isa = PBXBuildFile; fileRef = B9D980E7282A05EA002764DA /* LaunchScreen.storyboard */; };
		B9D980F4282A05EA002764DA /* StackViewDemoTests.swift in Sources */ = {isa = PBXBuildFile; fileRef = B9D980F3282A05EA002764DA /* StackViewDemoTests.swift */; };
		B9D980FE282A05EA002764DA /* StackViewDemoUITests.swift in Sources */ = {isa = PBXBuildFile; fileRef = B9D980FD282A05EA002764DA /* StackViewDemoUITests.swift */; };
		B9D98100282A05EA002764DA /* StackViewDemoUITestsLaunchTests.swift in Sources */ = {isa = PBXBuildFile; fileRef = B9D980FF282A05EA002764DA /* StackViewDemoUITestsLaunchTests.swift */; };
/* End PBXBuildFile section */

/* Begin PBXContainerItemProxy section */
		B9D980F0282A05EA002764DA /* PBXContainerItemProxy */ = {
			isa = PBXContainerItemProxy;
			containerPortal = B9D980D1282A05E6002764DA /* Project object */;
			proxyType = 1;
			remoteGlobalIDString = B9D980D8282A05E6002764DA;
			remoteInfo = StackViewDemo;
		};
		B9D980FA282A05EA002764DA /* PBXContainerItemProxy */ = {
			isa = PBXContainerItemProxy;
			containerPortal = B9D980D1282A05E6002764DA /* Project object */;
			proxyType = 1;
			remoteGlobalIDString = B9D980D8282A05E6002764DA;
			remoteInfo = StackViewDemo;
		};
/* End PBXContainerItemProxy section */

/* Begin PBXFileReference section */
		B9D980D9282A05E6002764DA /* StackViewDemo.app */ = {isa = PBXFileReference; explicitFileType = wrapper.application; includeInIndex = 0; path = StackViewDemo.app; sourceTree = BUILT_PRODUCTS_DIR; };
		B9D980DC282A05E7002764DA /* AppDelegate.swift */ = {isa = PBXFileReference; lastKnownFileType = sourcecode.swift; path = AppDelegate.swift; sourceTree = "<group>"; };
		B9D980DE282A05E7002764DA /* SceneDelegate.swift */ = {isa = PBXFileReference; lastKnownFileType = sourcecode.swift; path = SceneDelegate.swift; sourceTree = "<group>"; };
		B9D980E0282A05E7002764DA /* ViewController.swift */ = {isa = PBXFileReference; lastKnownFileType = sourcecode.swift; path = ViewController.swift; sourceTree = "<group>"; };
		B9D980E3282A05E7002764DA /* Base */ = {isa = PBXFileReference; lastKnownFileType = file.storyboard; name = Base; path = Base.lproj/Main.storyboard; sourceTree = "<group>"; };
		B9D980E5282A05EA002764DA /* Assets.xcassets */ = {isa = PBXFileReference; lastKnownFileType = folder.assetcatalog; path = Assets.xcassets; sourceTree = "<group>"; };
		B9D980E8282A05EA002764DA /* Base */ = {isa = PBXFileReference; lastKnownFileType = file.storyboard; name = Base; path = Base.lproj/LaunchScreen.storyboard; sourceTree = "<group>"; };
		B9D980EA282A05EA002764DA /* Info.plist */ = {isa = PBXFileReference; lastKnownFileType = text.plist.xml; path = Info.plist; sourceTree = "<group>"; };
		B9D980EF282A05EA002764DA /* StackViewDemoTests.xctest */ = {isa = PBXFileReference; explicitFileType = wrapper.cfbundle; includeInIndex = 0; path = StackViewDemoTests.xctest; sourceTree = BUILT_PRODUCTS_DIR; };
		B9D980F3282A05EA002764DA /* StackViewDemoTests.swift */ = {isa = PBXFileReference; lastKnownFileType = sourcecode.swift; path = StackViewDemoTests.swift; sourceTree = "<group>"; };
		B9D980F9282A05EA002764DA /* StackViewDemoUITests.xctest */ = {isa = PBXFileReference; explicitFileType = wrapper.cfbundle; includeInIndex = 0; path = StackViewDemoUITests.xctest; sourceTree = BUILT_PRODUCTS_DIR; };
		B9D980FD282A05EA002764DA /* StackViewDemoUITests.swift */ = {isa = PBXFileReference; lastKnownFileType = sourcecode.swift; path = StackViewDemoUITests.swift; sourceTree = "<group>"; };
		B9D980FF282A05EA002764DA /* StackViewDemoUITestsLaunchTests.swift */ = {isa = PBXFileReference; lastKnownFileType = sourcecode.swift; path = StackViewDemoUITestsLaunchTests.swift; sourceTree = "<group>"; };
/* End PBXFileReference section */

/* Begin PBXFrameworksBuildPhase section */
		B9D980D6282A05E6002764DA /* Frameworks */ = {
			isa = PBXFrameworksBuildPhase;
			buildActionMask = 2147483647;
			files = (
			);
			runOnlyForDeploymentPostprocessing = 0;
		};
		B9D980EC282A05EA002764DA /* Frameworks */ = {
			isa = PBXFrameworksBuildPhase;
			buildActionMask = 2147483647;
			files = (
			);
			runOnlyForDeploymentPostprocessing = 0;
		};
		B9D980F6282A05EA002764DA /* Frameworks */ = {
			isa = PBXFrameworksBuildPhase;
			buildActionMask = 2147483647;
			files = (
			);
			runOnlyForDeploymentPostprocessing = 0;
		};
/* End PBXFrameworksBuildPhase section */

/* Begin PBXGroup section */
		B9D980D0282A05E6002764DA = {
			isa = PBXGroup;
			children = (
				B9D980DB282A05E6002764DA /* StackViewDemo */,
				B9D980F2282A05EA002764DA /* StackViewDemoTests */,
				B9D980FC282A05EA002764DA /* StackViewDemoUITests */,
				B9D980DA282A05E6002764DA /* Products */,
			);
			sourceTree = "<group>";
		};
		B9D980DA282A05E6002764DA /* Products */ = {
			isa = PBXGroup;
			children = (
				B9D980D9282A05E6002764DA /* StackViewDemo.app */,
				B9D980EF282A05EA002764DA /* StackViewDemoTests.xctest */,
				B9D980F9282A05EA002764DA /* StackViewDemoUITests.xctest */,
			);
			name = Products;
			sourceTree = "<group>";
		};
		B9D980DB282A05E6002764DA /* StackViewDemo */ = {
			isa = PBXGroup;
			children = (
				B9D980DC282A05E7002764DA /* AppDelegate.swift */,
				B9D980DE282A05E7002764DA /* SceneDelegate.swift */,
				B9D980E0282A05E7002764DA /* ViewController.swift */,
				B9D980E2282A05E7002764DA /* Main.storyboard */,
				B9D980E5282A05EA002764DA /* Assets.xcassets */,
				B9D980E7282A05EA002764DA /* LaunchScreen.storyboard */,
				B9D980EA282A05EA002764DA /* Info.plist */,
			);
			path = StackViewDemo;
			sourceTree = "<group>";
		};
		B9D980F2282A05EA002764DA /* StackViewDemoTests */ = {
			isa = PBXGroup;
			children = (
				B9D980F3282A05EA002764DA /* StackViewDemoTests.swift */,
			);
			path = StackViewDemoTests;
			sourceTree = "<group>";
		};
		B9D980FC282A05EA002764DA /* StackViewDemoUITests */ = {
			isa = PBXGroup;
			children = (
				B9D980FD282A05EA002764DA /* StackViewDemoUITests.swift */,
				B9D980FF282A05EA002764DA /* StackViewDemoUITestsLaunchTests.swift */,
			);
			path = StackViewDemoUITests;
			sourceTree = "<group>";
		};
/* End PBXGroup section */

/* Begin PBXNativeTarget section */
		B9D980D8282A05E6002764DA /* StackViewDemo */ = {
			isa = PBXNativeTarget;
			buildConfigurationList = B9D98103282A05EA002764DA /* Build configuration list for PBXNativeTarget "StackViewDemo" */;
			buildPhases = (
				B9D980D5282A05E6002764DA /* Sources */,
				B9D980D6282A05E6002764DA /* Frameworks */,
				B9D980D7282A05E6002764DA /* Resources */,
			);
			buildRules = (
			);
			dependencies = (
			);
			name = StackViewDemo;
			productName = StackViewDemo;
			productReference = B9D980D9282A05E6002764DA /* StackViewDemo.app */;
			productType = "com.apple.product-type.application";
		};
		B9D980EE282A05EA002764DA /* StackViewDemoTests */ = {
			isa = PBXNativeTarget;
			buildConfigurationList = B9D98106282A05EA002764DA /* Build configuration list for PBXNativeTarget "StackViewDemoTests" */;
			buildPhases = (
				B9D980EB282A05EA002764DA /* Sources */,
				B9D980EC282A05EA002764DA /* Frameworks */,
				B9D980ED282A05EA002764DA /* Resources */,
			);
			buildRules = (
			);
			dependencies = (
				B9D980F1282A05EA002764DA /* PBXTargetDependency */,
			);
			name = StackViewDemoTests;
			productName = StackViewDemoTests;
			productReference = B9D980EF282A05EA002764DA /* StackViewDemoTests.xctest */;
			productType = "com.apple.product-type.bundle.unit-test";
		};
		B9D980F8282A05EA002764DA /* StackViewDemoUITests */ = {
			isa = PBXNativeTarget;
			buildConfigurationList = B9D98109282A05EA002764DA /* Build configuration list for PBXNativeTarget "StackViewDemoUITests" */;
			buildPhases = (
				B9D980F5282A05EA002764DA /* Sources */,
				B9D980F6282A05EA002764DA /* Frameworks */,
				B9D980F7282A05EA002764DA /* Resources */,
			);
			buildRules = (
			);
			dependencies = (
				B9D980FB282A05EA002764DA /* PBXTargetDependency */,
			);
			name = StackViewDemoUITests;
			productName = StackViewDemoUITests;
			productReference = B9D980F9282A05EA002764DA /* StackViewDemoUITests.xctest */;
			productType = "com.apple.product-type.bundle.ui-testing";
		};
/* End PBXNativeTarget section */

/* Begin PBXProject section */
		B9D980D1282A05E6002764DA /* Project object */ = {
			isa = PBXProject;
			attributes = {
				BuildIndependentTargetsInParallel = 1;
				LastSwiftUpdateCheck = 1330;
				LastUpgradeCheck = 1330;
				TargetAttributes = {
					B9D980D8282A05E6002764DA = {
						CreatedOnToolsVersion = 13.3.1;
					};
					B9D980EE282A05EA002764DA = {
						CreatedOnToolsVersion = 13.3.1;
						TestTargetID = B9D980D8282A05E6002764DA;
					};
					B9D980F8282A05EA002764DA = {
						CreatedOnToolsVersion = 13.3.1;
						TestTargetID = B9D980D8282A05E6002764DA;
					};
				};
			};
			buildConfigurationList = B9D980D4282A05E6002764DA /* Build configuration list for PBXProject "StackViewDemo" */;
			compatibilityVersion = "Xcode 13.0";
			developmentRegion = en;
			hasScannedForEncodings = 0;
			knownRegions = (
				en,
				Base,
			);
			mainGroup = B9D980D0282A05E6002764DA;
			productRefGroup = B9D980DA282A05E6002764DA /* Products */;
			projectDirPath = "";
			projectRoot = "";
			targets = (
				B9D980D8282A05E6002764DA /* StackViewDemo */,
				B9D980EE282A05EA002764DA /* StackViewDemoTests */,
				B9D980F8282A05EA002764DA /* StackViewDemoUITests */,
			);
		};
/* End PBXProject section */

/* Begin PBXResourcesBuildPhase section */
		B9D980D7282A05E6002764DA /* Resources */ = {
			isa = PBXResourcesBuildPhase;
			buildActionMask = 2147483647;
			files = (
				B9D980E9282A05EA002764DA /* LaunchScreen.storyboard in Resources */,
				B9D980E6282A05EA002764DA /* Assets.xcassets in Resources */,
				B9D980E4282A05E7002764DA /* Main.storyboard in Resources */,
			);
			runOnlyForDeploymentPostprocessing = 0;
		};
		B9D980ED282A05EA002764DA /* Resources */ = {
			isa = PBXResourcesBuildPhase;
			buildActionMask = 2147483647;
			files = (
			);
			runOnlyForDeploymentPostprocessing = 0;
		};
		B9D980F7282A05EA002764DA /* Resources */ = {
			isa = PBXResourcesBuildPhase;
			buildActionMask = 2147483647;
			files = (
			);
			runOnlyForDeploymentPostprocessing = 0;
		};
/* End PBXResourcesBuildPhase section */

/* Begin PBXSourcesBuildPhase section */
		B9D980D5282A05E6002764DA /* Sources */ = {
			isa = PBXSourcesBuildPhase;
			buildActionMask = 2147483647;
			files = (
				B9D980E1282A05E7002764DA /* ViewController.swift in Sources */,
				B9D980DD282A05E7002764DA /* AppDelegate.swift in Sources */,
				B9D980DF282A05E7002764DA /* SceneDelegate.swift in Sources */,
			);
			runOnlyForDeploymentPostprocessing = 0;
		};
		B9D980EB282A05EA002764DA /* Sources */ = {
			isa = PBXSourcesBuildPhase;
			buildActionMask = 2147483647;
			files = (
				B9D980F4282A05EA002764DA /* StackViewDemoTests.swift in Sources */,
			);
			runOnlyForDeploymentPostprocessing = 0;
		};
		B9D980F5282A05EA002764DA /* Sources */ = {
			isa = PBXSourcesBuildPhase;
			buildActionMask = 2147483647;
			files = (
				B9D980FE282A05EA002764DA /* StackViewDemoUITests.swift in Sources */,
				B9D98100282A05EA002764DA /* StackViewDemoUITestsLaunchTests.swift in Sources */,
			);
			runOnlyForDeploymentPostprocessing = 0;
		};
/* End PBXSourcesBuildPhase section */

/* Begin PBXTargetDependency section */
		B9D980F1282A05EA002764DA /* PBXTargetDependency */ = {
			isa = PBXTargetDependency;
			target = B9D980D8282A05E6002764DA /* StackViewDemo */;
			targetProxy = B9D980F0282A05EA002764DA /* PBXContainerItemProxy */;
		};
		B9D980FB282A05EA002764DA /* PBXTargetDependency */ = {
			isa = PBXTargetDependency;
			target = B9D980D8282A05E6002764DA /* StackViewDemo */;
			targetProxy = B9D980FA282A05EA002764DA /* PBXContainerItemProxy */;
		};
/* End PBXTargetDependency section */

/* Begin PBXVariantGroup section */
		B9D980E2282A05E7002764DA /* Main.storyboard */ = {
			isa = PBXVariantGroup;
			children = (
				B9D980E3282A05E7002764DA /* Base */,
			);
			name = Main.storyboard;
			sourceTree = "<group>";
		};
		B9D980E7282A05EA002764DA /* LaunchScreen.storyboard */ = {
			isa = PBXVariantGroup;
			children = (
				B9D980E8282A05EA002764DA /* Base */,
			);
			name = LaunchScreen.storyboard;
			sourceTree = "<group>";
		};
/* End PBXVariantGroup section */

/* Begin XCBuildConfiguration section */
		B9D98101282A05EA002764DA /* Debug */ = {
			isa = XCBuildConfiguration;
			buildSettings = {
				ALWAYS_SEARCH_USER_PATHS = NO;
				CLANG_ANALYZER_NONNULL = YES;
				CLANG_ANALYZER_NUMBER_OBJECT_CONVERSION = YES_AGGRESSIVE;
				CLANG_CXX_LANGUAGE_STANDARD = "gnu++17";
				CLANG_ENABLE_MODULES = YES;
				CLANG_ENABLE_OBJC_ARC = YES;
				CLANG_ENABLE_OBJC_WEAK = YES;
				CLANG_WARN_BLOCK_CAPTURE_AUTORELEASING = YES;
				CLANG_WARN_BOOL_CONVERSION = YES;
				CLANG_WARN_COMMA = YES;
				CLANG_WARN_CONSTANT_CONVERSION = YES;
				CLANG_WARN_DEPRECATED_OBJC_IMPLEMENTATIONS = YES;
				CLANG_WARN_DIRECT_OBJC_ISA_USAGE = YES_ERROR;
				CLANG_WARN_DOCUMENTATION_COMMENTS = YES;
				CLANG_WARN_EMPTY_BODY = YES;
				CLANG_WARN_ENUM_CONVERSION = YES;
				CLANG_WARN_INFINITE_RECURSION = YES;
				CLANG_WARN_INT_CONVERSION = YES;
				CLANG_WARN_NON_LITERAL_NULL_CONVERSION = YES;
				CLANG_WARN_OBJC_IMPLICIT_RETAIN_SELF = YES;
				CLANG_WARN_OBJC_LITERAL_CONVERSION = YES;
				CLANG_WARN_OBJC_ROOT_CLASS = YES_ERROR;
				CLANG_WARN_QUOTED_INCLUDE_IN_FRAMEWORK_HEADER = YES;
				CLANG_WARN_RANGE_LOOP_ANALYSIS = YES;
				CLANG_WARN_STRICT_PROTOTYPES = YES;
				CLANG_WARN_SUSPICIOUS_MOVE = YES;
				CLANG_WARN_UNGUARDED_AVAILABILITY = YES_AGGRESSIVE;
				CLANG_WARN_UNREACHABLE_CODE = YES;
				CLANG_WARN__DUPLICATE_METHOD_MATCH = YES;
				COPY_PHASE_STRIP = NO;
				DEBUG_INFORMATION_FORMAT = dwarf;
				ENABLE_STRICT_OBJC_MSGSEND = YES;
				ENABLE_TESTABILITY = YES;
				GCC_C_LANGUAGE_STANDARD = gnu11;
				GCC_DYNAMIC_NO_PIC = NO;
				GCC_NO_COMMON_BLOCKS = YES;
				GCC_OPTIMIZATION_LEVEL = 0;
				GCC_PREPROCESSOR_DEFINITIONS = (
					"DEBUG=1",
					"$(inherited)",
				);
				GCC_WARN_64_TO_32_BIT_CONVERSION = YES;
				GCC_WARN_ABOUT_RETURN_TYPE = YES_ERROR;
				GCC_WARN_UNDECLARED_SELECTOR = YES;
				GCC_WARN_UNINITIALIZED_AUTOS = YES_AGGRESSIVE;
				GCC_WARN_UNUSED_FUNCTION = YES;
				GCC_WARN_UNUSED_VARIABLE = YES;
				IPHONEOS_DEPLOYMENT_TARGET = 15.4;
				MTL_ENABLE_DEBUG_INFO = INCLUDE_SOURCE;
				MTL_FAST_MATH = YES;
				ONLY_ACTIVE_ARCH = YES;
				SDKROOT = iphoneos;
				SWIFT_ACTIVE_COMPILATION_CONDITIONS = DEBUG;
				SWIFT_OPTIMIZATION_LEVEL = "-Onone";
			};
			name = Debug;
		};
		B9D98102282A05EA002764DA /* Release */ = {
			isa = XCBuildConfiguration;
			buildSettings = {
				ALWAYS_SEARCH_USER_PATHS = NO;
				CLANG_ANALYZER_NONNULL = YES;
				CLANG_ANALYZER_NUMBER_OBJECT_CONVERSION = YES_AGGRESSIVE;
				CLANG_CXX_LANGUAGE_STANDARD = "gnu++17";
				CLANG_ENABLE_MODULES = YES;
				CLANG_ENABLE_OBJC_ARC = YES;
				CLANG_ENABLE_OBJC_WEAK = YES;
				CLANG_WARN_BLOCK_CAPTURE_AUTORELEASING = YES;
				CLANG_WARN_BOOL_CONVERSION = YES;
				CLANG_WARN_COMMA = YES;
				CLANG_WARN_CONSTANT_CONVERSION = YES;
				CLANG_WARN_DEPRECATED_OBJC_IMPLEMENTATIONS = YES;
				CLANG_WARN_DIRECT_OBJC_ISA_USAGE = YES_ERROR;
				CLANG_WARN_DOCUMENTATION_COMMENTS = YES;
				CLANG_WARN_EMPTY_BODY = YES;
				CLANG_WARN_ENUM_CONVERSION = YES;
				CLANG_WARN_INFINITE_RECURSION = YES;
				CLANG_WARN_INT_CONVERSION = YES;
				CLANG_WARN_NON_LITERAL_NULL_CONVERSION = YES;
				CLANG_WARN_OBJC_IMPLICIT_RETAIN_SELF = YES;
				CLANG_WARN_OBJC_LITERAL_CONVERSION = YES;
				CLANG_WARN_OBJC_ROOT_CLASS = YES_ERROR;
				CLANG_WARN_QUOTED_INCLUDE_IN_FRAMEWORK_HEADER = YES;
				CLANG_WARN_RANGE_LOOP_ANALYSIS = YES;
				CLANG_WARN_STRICT_PROTOTYPES = YES;
				CLANG_WARN_SUSPICIOUS_MOVE = YES;
				CLANG_WARN_UNGUARDED_AVAILABILITY = YES_AGGRESSIVE;
				CLANG_WARN_UNREACHABLE_CODE = YES;
				CLANG_WARN__DUPLICATE_METHOD_MATCH = YES;
				COPY_PHASE_STRIP = NO;
				DEBUG_INFORMATION_FORMAT = "dwarf-with-dsym";
				ENABLE_NS_ASSERTIONS = NO;
				ENABLE_STRICT_OBJC_MSGSEND = YES;
				GCC_C_LANGUAGE_STANDARD = gnu11;
				GCC_NO_COMMON_BLOCKS = YES;
				GCC_WARN_64_TO_32_BIT_CONVERSION = YES;
				GCC_WARN_ABOUT_RETURN_TYPE = YES_ERROR;
				GCC_WARN_UNDECLARED_SELECTOR = YES;
				GCC_WARN_UNINITIALIZED_AUTOS = YES_AGGRESSIVE;
				GCC_WARN_UNUSED_FUNCTION = YES;
				GCC_WARN_UNUSED_VARIABLE = YES;
				IPHONEOS_DEPLOYMENT_TARGET = 15.4;
				MTL_ENABLE_DEBUG_INFO = NO;
				MTL_FAST_MATH = YES;
				SDKROOT = iphoneos;
				SWIFT_COMPILATION_MODE = wholemodule;
				SWIFT_OPTIMIZATION_LEVEL = "-O";
				VALIDATE_PRODUCT = YES;
			};
			name = Release;
		};
		B9D98104282A05EA002764DA /* Debug */ = {
			isa = XCBuildConfiguration;
			buildSettings = {
				ASSETCATALOG_COMPILER_APPICON_NAME = AppIcon;
				ASSETCATALOG_COMPILER_GLOBAL_ACCENT_COLOR_NAME = AccentColor;
				CODE_SIGN_STYLE = Automatic;
				CURRENT_PROJECT_VERSION = 1;
				DEVELOPMENT_TEAM = H93GHLCZJA;
				GENERATE_INFOPLIST_FILE = YES;
				INFOPLIST_FILE = StackViewDemo/Info.plist;
				INFOPLIST_KEY_UIApplicationSupportsIndirectInputEvents = YES;
				INFOPLIST_KEY_UILaunchStoryboardName = LaunchScreen;
				INFOPLIST_KEY_UIMainStoryboardFile = Main;
				INFOPLIST_KEY_UISupportedInterfaceOrientations_iPad = "UIInterfaceOrientationPortrait UIInterfaceOrientationPortraitUpsideDown UIInterfaceOrientationLandscapeLeft UIInterfaceOrientationLandscapeRight";
				INFOPLIST_KEY_UISupportedInterfaceOrientations_iPhone = "UIInterfaceOrientationPortrait UIInterfaceOrientationLandscapeLeft UIInterfaceOrientationLandscapeRight";
				LD_RUNPATH_SEARCH_PATHS = (
					"$(inherited)",
					"@executable_path/Frameworks",
				);
				MARKETING_VERSION = 1.0;
				PRODUCT_BUNDLE_IDENTIFIER = io.stockfin.StackViewDemo;
				PRODUCT_NAME = "$(TARGET_NAME)";
				SWIFT_EMIT_LOC_STRINGS = YES;
				SWIFT_VERSION = 5.0;
				TARGETED_DEVICE_FAMILY = "1,2";
			};
			name = Debug;
		};
		B9D98105282A05EA002764DA /* Release */ = {
			isa = XCBuildConfiguration;
			buildSettings = {
				ASSETCATALOG_COMPILER_APPICON_NAME = AppIcon;
				ASSETCATALOG_COMPILER_GLOBAL_ACCENT_COLOR_NAME = AccentColor;
				CODE_SIGN_STYLE = Automatic;
				CURRENT_PROJECT_VERSION = 1;
				DEVELOPMENT_TEAM = H93GHLCZJA;
				GENERATE_INFOPLIST_FILE = YES;
				INFOPLIST_FILE = StackViewDemo/Info.plist;
				INFOPLIST_KEY_UIApplicationSupportsIndirectInputEvents = YES;
				INFOPLIST_KEY_UILaunchStoryboardName = LaunchScreen;
				INFOPLIST_KEY_UIMainStoryboardFile = Main;
				INFOPLIST_KEY_UISupportedInterfaceOrientations_iPad = "UIInterfaceOrientationPortrait UIInterfaceOrientationPortraitUpsideDown UIInterfaceOrientationLandscapeLeft UIInterfaceOrientationLandscapeRight";
				INFOPLIST_KEY_UISupportedInterfaceOrientations_iPhone = "UIInterfaceOrientationPortrait UIInterfaceOrientationLandscapeLeft UIInterfaceOrientationLandscapeRight";
				LD_RUNPATH_SEARCH_PATHS = (
					"$(inherited)",
					"@executable_path/Frameworks",
				);
				MARKETING_VERSION = 1.0;
				PRODUCT_BUNDLE_IDENTIFIER = io.stockfin.StackViewDemo;
				PRODUCT_NAME = "$(TARGET_NAME)";
				SWIFT_EMIT_LOC_STRINGS = YES;
				SWIFT_VERSION = 5.0;
				TARGETED_DEVICE_FAMILY = "1,2";
			};
			name = Release;
		};
		B9D98107282A05EA002764DA /* Debug */ = {
			isa = XCBuildConfiguration;
			buildSettings = {
				ALWAYS_EMBED_SWIFT_STANDARD_LIBRARIES = YES;
				BUNDLE_LOADER = "$(TEST_HOST)";
				CODE_SIGN_STYLE = Automatic;
				CURRENT_PROJECT_VERSION = 1;
				DEVELOPMENT_TEAM = H93GHLCZJA;
				GENERATE_INFOPLIST_FILE = YES;
				IPHONEOS_DEPLOYMENT_TARGET = 15.4;
				MARKETING_VERSION = 1.0;
				PRODUCT_BUNDLE_IDENTIFIER = io.stockfin.StackViewDemoTests;
				PRODUCT_NAME = "$(TARGET_NAME)";
				SWIFT_EMIT_LOC_STRINGS = NO;
				SWIFT_VERSION = 5.0;
				TARGETED_DEVICE_FAMILY = "1,2";
				TEST_HOST = "$(BUILT_PRODUCTS_DIR)/StackViewDemo.app/StackViewDemo";
			};
			name = Debug;
		};
		B9D98108282A05EA002764DA /* Release */ = {
			isa = XCBuildConfiguration;
			buildSettings = {
				ALWAYS_EMBED_SWIFT_STANDARD_LIBRARIES = YES;
				BUNDLE_LOADER = "$(TEST_HOST)";
				CODE_SIGN_STYLE = Automatic;
				CURRENT_PROJECT_VERSION = 1;
				DEVELOPMENT_TEAM = H93GHLCZJA;
				GENERATE_INFOPLIST_FILE = YES;
				IPHONEOS_DEPLOYMENT_TARGET = 15.4;
				MARKETING_VERSION = 1.0;
				PRODUCT_BUNDLE_IDENTIFIER = io.stockfin.StackViewDemoTests;
				PRODUCT_NAME = "$(TARGET_NAME)";
				SWIFT_EMIT_LOC_STRINGS = NO;
				SWIFT_VERSION = 5.0;
				TARGETED_DEVICE_FAMILY = "1,2";
				TEST_HOST = "$(BUILT_PRODUCTS_DIR)/StackViewDemo.app/StackViewDemo";
			};
			name = Release;
		};
		B9D9810A282A05EA002764DA /* Debug */ = {
			isa = XCBuildConfiguration;
			buildSettings = {
				ALWAYS_EMBED_SWIFT_STANDARD_LIBRARIES = YES;
				CODE_SIGN_STYLE = Automatic;
				CURRENT_PROJECT_VERSION = 1;
				DEVELOPMENT_TEAM = H93GHLCZJA;
				GENERATE_INFOPLIST_FILE = YES;
				MARKETING_VERSION = 1.0;
				PRODUCT_BUNDLE_IDENTIFIER = io.stockfin.StackViewDemoUITests;
				PRODUCT_NAME = "$(TARGET_NAME)";
				SWIFT_EMIT_LOC_STRINGS = NO;
				SWIFT_VERSION = 5.0;
				TARGETED_DEVICE_FAMILY = "1,2";
				TEST_TARGET_NAME = StackViewDemo;
			};
			name = Debug;
		};
		B9D9810B282A05EA002764DA /* Release */ = {
			isa = XCBuildConfiguration;
			buildSettings = {
				ALWAYS_EMBED_SWIFT_STANDARD_LIBRARIES = YES;
				CODE_SIGN_STYLE = Automatic;
				CURRENT_PROJECT_VERSION = 1;
				DEVELOPMENT_TEAM = H93GHLCZJA;
				GENERATE_INFOPLIST_FILE = YES;
				MARKETING_VERSION = 1.0;
				PRODUCT_BUNDLE_IDENTIFIER = io.stockfin.StackViewDemoUITests;
				PRODUCT_NAME = "$(TARGET_NAME)";
				SWIFT_EMIT_LOC_STRINGS = NO;
				SWIFT_VERSION = 5.0;
				TARGETED_DEVICE_FAMILY = "1,2";
				TEST_TARGET_NAME = StackViewDemo;
			};
			name = Release;
		};
/* End XCBuildConfiguration section */

/* Begin XCConfigurationList section */
		B9D980D4282A05E6002764DA /* Build configuration list for PBXProject "StackViewDemo" */ = {
			isa = XCConfigurationList;
			buildConfigurations = (
				B9D98101282A05EA002764DA /* Debug */,
				B9D98102282A05EA002764DA /* Release */,
			);
			defaultConfigurationIsVisible = 0;
			defaultConfigurationName = Release;
		};
		B9D98103282A05EA002764DA /* Build configuration list for PBXNativeTarget "StackViewDemo" */ = {
			isa = XCConfigurationList;
			buildConfigurations = (
				B9D98104282A05EA002764DA /* Debug */,
				B9D98105282A05EA002764DA /* Release */,
			);
			defaultConfigurationIsVisible = 0;
			defaultConfigurationName = Release;
		};
		B9D98106282A05EA002764DA /* Build configuration list for PBXNativeTarget "StackViewDemoTests" */ = {
			isa = XCConfigurationList;
			buildConfigurations = (
				B9D98107282A05EA002764DA /* Debug */,
				B9D98108282A05EA002764DA /* Release */,
			);
			defaultConfigurationIsVisible = 0;
			defaultConfigurationName = Release;
		};
		B9D98109282A05EA002764DA /* Build configuration list for PBXNativeTarget "StackViewDemoUITests" */ = {
			isa = XCConfigurationList;
			buildConfigurations = (
				B9D9810A282A05EA002764DA /* Debug */,
				B9D9810B282A05EA002764DA /* Release */,
			);
			defaultConfigurationIsVisible = 0;
			defaultConfigurationName = Release;
		};
/* End XCConfigurationList section */
	};
	rootObject = B9D980D1282A05E6002764DA /* Project object */;
}
