// !$*UTF8*$!
{
	archiveVersion = 1;
	classes = {
	};
	objectVersion = 50;
	objects = {

/* Begin PBXBuildFile section */
		B9E7E7DE281635B4007E72F9 /* AppDelegate.swift in Sources */ = {isa = PBXBuildFile; fileRef = B9E7E7DD281635B4007E72F9 /* AppDelegate.swift */; };
		B9E7E7E0281635B4007E72F9 /* SceneDelegate.swift in Sources */ = {isa = PBXBuildFile; fileRef = B9E7E7DF281635B4007E72F9 /* SceneDelegate.swift */; };
		B9E7E7E2281635B4007E72F9 /* ViewController.swift in Sources */ = {isa = PBXBuildFile; fileRef = B9E7E7E1281635B4007E72F9 /* ViewController.swift */; };
		B9E7E7E5281635B4007E72F9 /* Main.storyboard in Resources */ = {isa = PBXBuildFile; fileRef = B9E7E7E3281635B4007E72F9 /* Main.storyboard */; };
		B9E7E7E7281635B7007E72F9 /* Assets.xcassets in Resources */ = {isa = PBXBuildFile; fileRef = B9E7E7E6281635B7007E72F9 /* Assets.xcassets */; };
		B9E7E7EA281635B7007E72F9 /* LaunchScreen.storyboard in Resources */ = {isa = PBXBuildFile; fileRef = B9E7E7E8281635B7007E72F9 /* LaunchScreen.storyboard */; };
		B9E7E7F5281635B7007E72F9 /* HelloWorldTests.swift in Sources */ = {isa = PBXBuildFile; fileRef = B9E7E7F4281635B7007E72F9 /* HelloWorldTests.swift */; };
		B9E7E800281635B7007E72F9 /* HelloWorldUITests.swift in Sources */ = {isa = PBXBuildFile; fileRef = B9E7E7FF281635B7007E72F9 /* HelloWorldUITests.swift */; };
/* End PBXBuildFile section */

/* Begin PBXContainerItemProxy section */
		B9E7E7F1281635B7007E72F9 /* PBXContainerItemProxy */ = {
			isa = PBXContainerItemProxy;
			containerPortal = B9E7E7D2281635B4007E72F9 /* Project object */;
			proxyType = 1;
			remoteGlobalIDString = B9E7E7D9281635B4007E72F9;
			remoteInfo = HelloWorld;
		};
		B9E7E7FC281635B7007E72F9 /* PBXContainerItemProxy */ = {
			isa = PBXContainerItemProxy;
			containerPortal = B9E7E7D2281635B4007E72F9 /* Project object */;
			proxyType = 1;
			remoteGlobalIDString = B9E7E7D9281635B4007E72F9;
			remoteInfo = HelloWorld;
		};
/* End PBXContainerItemProxy section */

/* Begin PBXFileReference section */
		B9E7E7DA281635B4007E72F9 /* HelloWorld.app */ = {isa = PBXFileReference; explicitFileType = wrapper.application; includeInIndex = 0; path = HelloWorld.app; sourceTree = BUILT_PRODUCTS_DIR; };
		B9E7E7DD281635B4007E72F9 /* AppDelegate.swift */ = {isa = PBXFileReference; lastKnownFileType = sourcecode.swift; path = AppDelegate.swift; sourceTree = "<group>"; };
		B9E7E7DF281635B4007E72F9 /* SceneDelegate.swift */ = {isa = PBXFileReference; lastKnownFileType = sourcecode.swift; path = SceneDelegate.swift; sourceTree = "<group>"; };
		B9E7E7E1281635B4007E72F9 /* ViewController.swift */ = {isa = PBXFileReference; lastKnownFileType = sourcecode.swift; path = ViewController.swift; sourceTree = "<group>"; };
		B9E7E7E4281635B4007E72F9 /* Base */ = {isa = PBXFileReference; lastKnownFileType = file.storyboard; name = Base; path = Base.lproj/Main.storyboard; sourceTree = "<group>"; };
		B9E7E7E6281635B7007E72F9 /* Assets.xcassets */ = {isa = PBXFileReference; lastKnownFileType = folder.assetcatalog; path = Assets.xcassets; sourceTree = "<group>"; };
		B9E7E7E9281635B7007E72F9 /* Base */ = {isa = PBXFileReference; lastKnownFileType = file.storyboard; name = Base; path = Base.lproj/LaunchScreen.storyboard; sourceTree = "<group>"; };
		B9E7E7EB281635B7007E72F9 /* Info.plist */ = {isa = PBXFileReference; lastKnownFileType = text.plist.xml; path = Info.plist; sourceTree = "<group>"; };
		B9E7E7F0281635B7007E72F9 /* HelloWorldTests.xctest */ = {isa = PBXFileReference; explicitFileType = wrapper.cfbundle; includeInIndex = 0; path = HelloWorldTests.xctest; sourceTree = BUILT_PRODUCTS_DIR; };
		B9E7E7F4281635B7007E72F9 /* HelloWorldTests.swift */ = {isa = PBXFileReference; lastKnownFileType = sourcecode.swift; path = HelloWorldTests.swift; sourceTree = "<group>"; };
		B9E7E7F6281635B7007E72F9 /* Info.plist */ = {isa = PBXFileReference; lastKnownFileType = text.plist.xml; path = Info.plist; sourceTree = "<group>"; };
		B9E7E7FB281635B7007E72F9 /* HelloWorldUITests.xctest */ = {isa = PBXFileReference; explicitFileType = wrapper.cfbundle; includeInIndex = 0; path = HelloWorldUITests.xctest; sourceTree = BUILT_PRODUCTS_DIR; };
		B9E7E7FF281635B7007E72F9 /* HelloWorldUITests.swift */ = {isa = PBXFileReference; lastKnownFileType = sourcecode.swift; path = HelloWorldUITests.swift; sourceTree = "<group>"; };
		B9E7E801281635B7007E72F9 /* Info.plist */ = {isa = PBXFileReference; lastKnownFileType = text.plist.xml; path = Info.plist; sourceTree = "<group>"; };
/* End PBXFileReference section */

/* Begin PBXFrameworksBuildPhase section */
		B9E7E7D7281635B4007E72F9 /* Frameworks */ = {
			isa = PBXFrameworksBuildPhase;
			buildActionMask = 2147483647;
			files = (
			);
			runOnlyForDeploymentPostprocessing = 0;
		};
		B9E7E7ED281635B7007E72F9 /* Frameworks */ = {
			isa = PBXFrameworksBuildPhase;
			buildActionMask = 2147483647;
			files = (
			);
			runOnlyForDeploymentPostprocessing = 0;
		};
		B9E7E7F8281635B7007E72F9 /* Frameworks */ = {
			isa = PBXFrameworksBuildPhase;
			buildActionMask = 2147483647;
			files = (
			);
			runOnlyForDeploymentPostprocessing = 0;
		};
/* End PBXFrameworksBuildPhase section */

/* Begin PBXGroup section */
		B9E7E7D1281635B4007E72F9 = {
			isa = PBXGroup;
			children = (
				B9E7E7DC281635B4007E72F9 /* HelloWorld */,
				B9E7E7F3281635B7007E72F9 /* HelloWorldTests */,
				B9E7E7FE281635B7007E72F9 /* HelloWorldUITests */,
				B9E7E7DB281635B4007E72F9 /* Products */,
			);
			sourceTree = "<group>";
		};
		B9E7E7DB281635B4007E72F9 /* Products */ = {
			isa = PBXGroup;
			children = (
				B9E7E7DA281635B4007E72F9 /* HelloWorld.app */,
				B9E7E7F0281635B7007E72F9 /* HelloWorldTests.xctest */,
				B9E7E7FB281635B7007E72F9 /* HelloWorldUITests.xctest */,
			);
			name = Products;
			sourceTree = "<group>";
		};
		B9E7E7DC281635B4007E72F9 /* HelloWorld */ = {
			isa = PBXGroup;
			children = (
				B9E7E7DD281635B4007E72F9 /* AppDelegate.swift */,
				B9E7E7DF281635B4007E72F9 /* SceneDelegate.swift */,
				B9E7E7E1281635B4007E72F9 /* ViewController.swift */,
				B9E7E7E3281635B4007E72F9 /* Main.storyboard */,
				B9E7E7E6281635B7007E72F9 /* Assets.xcassets */,
				B9E7E7E8281635B7007E72F9 /* LaunchScreen.storyboard */,
				B9E7E7EB281635B7007E72F9 /* Info.plist */,
			);
			path = HelloWorld;
			sourceTree = "<group>";
		};
		B9E7E7F3281635B7007E72F9 /* HelloWorldTests */ = {
			isa = PBXGroup;
			children = (
				B9E7E7F4281635B7007E72F9 /* HelloWorldTests.swift */,
				B9E7E7F6281635B7007E72F9 /* Info.plist */,
			);
			path = HelloWorldTests;
			sourceTree = "<group>";
		};
		B9E7E7FE281635B7007E72F9 /* HelloWorldUITests */ = {
			isa = PBXGroup;
			children = (
				B9E7E7FF281635B7007E72F9 /* HelloWorldUITests.swift */,
				B9E7E801281635B7007E72F9 /* Info.plist */,
			);
			path = HelloWorldUITests;
			sourceTree = "<group>";
		};
/* End PBXGroup section */

/* Begin PBXNativeTarget section */
		B9E7E7D9281635B4007E72F9 /* HelloWorld */ = {
			isa = PBXNativeTarget;
			buildConfigurationList = B9E7E804281635B7007E72F9 /* Build configuration list for PBXNativeTarget "HelloWorld" */;
			buildPhases = (
				B9E7E7D6281635B4007E72F9 /* Sources */,
				B9E7E7D7281635B4007E72F9 /* Frameworks */,
				B9E7E7D8281635B4007E72F9 /* Resources */,
			);
			buildRules = (
			);
			dependencies = (
			);
			name = HelloWorld;
			productName = HelloWorld;
			productReference = B9E7E7DA281635B4007E72F9 /* HelloWorld.app */;
			productType = "com.apple.product-type.application";
		};
		B9E7E7EF281635B7007E72F9 /* HelloWorldTests */ = {
			isa = PBXNativeTarget;
			buildConfigurationList = B9E7E807281635B7007E72F9 /* Build configuration list for PBXNativeTarget "HelloWorldTests" */;
			buildPhases = (
				B9E7E7EC281635B7007E72F9 /* Sources */,
				B9E7E7ED281635B7007E72F9 /* Frameworks */,
				B9E7E7EE281635B7007E72F9 /* Resources */,
			);
			buildRules = (
			);
			dependencies = (
				B9E7E7F2281635B7007E72F9 /* PBXTargetDependency */,
			);
			name = HelloWorldTests;
			productName = HelloWorldTests;
			productReference = B9E7E7F0281635B7007E72F9 /* HelloWorldTests.xctest */;
			productType = "com.apple.product-type.bundle.unit-test";
		};
		B9E7E7FA281635B7007E72F9 /* HelloWorldUITests */ = {
			isa = PBXNativeTarget;
			buildConfigurationList = B9E7E80A281635B7007E72F9 /* Build configuration list for PBXNativeTarget "HelloWorldUITests" */;
			buildPhases = (
				B9E7E7F7281635B7007E72F9 /* Sources */,
				B9E7E7F8281635B7007E72F9 /* Frameworks */,
				B9E7E7F9281635B7007E72F9 /* Resources */,
			);
			buildRules = (
			);
			dependencies = (
				B9E7E7FD281635B7007E72F9 /* PBXTargetDependency */,
			);
			name = HelloWorldUITests;
			productName = HelloWorldUITests;
			productReference = B9E7E7FB281635B7007E72F9 /* HelloWorldUITests.xctest */;
			productType = "com.apple.product-type.bundle.ui-testing";
		};
/* End PBXNativeTarget section */

/* Begin PBXProject section */
		B9E7E7D2281635B4007E72F9 /* Project object */ = {
			isa = PBXProject;
			attributes = {
				LastSwiftUpdateCheck = 1240;
				LastUpgradeCheck = 1240;
				TargetAttributes = {
					B9E7E7D9281635B4007E72F9 = {
						CreatedOnToolsVersion = 12.4;
					};
					B9E7E7EF281635B7007E72F9 = {
						CreatedOnToolsVersion = 12.4;
						TestTargetID = B9E7E7D9281635B4007E72F9;
					};
					B9E7E7FA281635B7007E72F9 = {
						CreatedOnToolsVersion = 12.4;
						TestTargetID = B9E7E7D9281635B4007E72F9;
					};
				};
			};
			buildConfigurationList = B9E7E7D5281635B4007E72F9 /* Build configuration list for PBXProject "HelloWorld" */;
			compatibilityVersion = "Xcode 9.3";
			developmentRegion = en;
			hasScannedForEncodings = 0;
			knownRegions = (
				en,
				Base,
			);
			mainGroup = B9E7E7D1281635B4007E72F9;
			productRefGroup = B9E7E7DB281635B4007E72F9 /* Products */;
			projectDirPath = "";
			projectRoot = "";
			targets = (
				B9E7E7D9281635B4007E72F9 /* HelloWorld */,
				B9E7E7EF281635B7007E72F9 /* HelloWorldTests */,
				B9E7E7FA281635B7007E72F9 /* HelloWorldUITests */,
			);
		};
/* End PBXProject section */

/* Begin PBXResourcesBuildPhase section */
		B9E7E7D8281635B4007E72F9 /* Resources */ = {
			isa = PBXResourcesBuildPhase;
			buildActionMask = 2147483647;
			files = (
				B9E7E7EA281635B7007E72F9 /* LaunchScreen.storyboard in Resources */,
				B9E7E7E7281635B7007E72F9 /* Assets.xcassets in Resources */,
				B9E7E7E5281635B4007E72F9 /* Main.storyboard in Resources */,
			);
			runOnlyForDeploymentPostprocessing = 0;
		};
		B9E7E7EE281635B7007E72F9 /* Resources */ = {
			isa = PBXResourcesBuildPhase;
			buildActionMask = 2147483647;
			files = (
			);
			runOnlyForDeploymentPostprocessing = 0;
		};
		B9E7E7F9281635B7007E72F9 /* Resources */ = {
			isa = PBXResourcesBuildPhase;
			buildActionMask = 2147483647;
			files = (
			);
			runOnlyForDeploymentPostprocessing = 0;
		};
/* End PBXResourcesBuildPhase section */

/* Begin PBXSourcesBuildPhase section */
		B9E7E7D6281635B4007E72F9 /* Sources */ = {
			isa = PBXSourcesBuildPhase;
			buildActionMask = 2147483647;
			files = (
				B9E7E7E2281635B4007E72F9 /* ViewController.swift in Sources */,
				B9E7E7DE281635B4007E72F9 /* AppDelegate.swift in Sources */,
				B9E7E7E0281635B4007E72F9 /* SceneDelegate.swift in Sources */,
			);
			runOnlyForDeploymentPostprocessing = 0;
		};
		B9E7E7EC281635B7007E72F9 /* Sources */ = {
			isa = PBXSourcesBuildPhase;
			buildActionMask = 2147483647;
			files = (
				B9E7E7F5281635B7007E72F9 /* HelloWorldTests.swift in Sources */,
			);
			runOnlyForDeploymentPostprocessing = 0;
		};
		B9E7E7F7281635B7007E72F9 /* Sources */ = {
			isa = PBXSourcesBuildPhase;
			buildActionMask = 2147483647;
			files = (
				B9E7E800281635B7007E72F9 /* HelloWorldUITests.swift in Sources */,
			);
			runOnlyForDeploymentPostprocessing = 0;
		};
/* End PBXSourcesBuildPhase section */

/* Begin PBXTargetDependency section */
		B9E7E7F2281635B7007E72F9 /* PBXTargetDependency */ = {
			isa = PBXTargetDependency;
			target = B9E7E7D9281635B4007E72F9 /* HelloWorld */;
			targetProxy = B9E7E7F1281635B7007E72F9 /* PBXContainerItemProxy */;
		};
		B9E7E7FD281635B7007E72F9 /* PBXTargetDependency */ = {
			isa = PBXTargetDependency;
			target = B9E7E7D9281635B4007E72F9 /* HelloWorld */;
			targetProxy = B9E7E7FC281635B7007E72F9 /* PBXContainerItemProxy */;
		};
/* End PBXTargetDependency section */

/* Begin PBXVariantGroup section */
		B9E7E7E3281635B4007E72F9 /* Main.storyboard */ = {
			isa = PBXVariantGroup;
			children = (
				B9E7E7E4281635B4007E72F9 /* Base */,
			);
			name = Main.storyboard;
			sourceTree = "<group>";
		};
		B9E7E7E8281635B7007E72F9 /* LaunchScreen.storyboard */ = {
			isa = PBXVariantGroup;
			children = (
				B9E7E7E9281635B7007E72F9 /* Base */,
			);
			name = LaunchScreen.storyboard;
			sourceTree = "<group>";
		};
/* End PBXVariantGroup section */

/* Begin XCBuildConfiguration section */
		B9E7E802281635B7007E72F9 /* Debug */ = {
			isa = XCBuildConfiguration;
			buildSettings = {
				ALWAYS_SEARCH_USER_PATHS = NO;
				CLANG_ANALYZER_NONNULL = YES;
				CLANG_ANALYZER_NUMBER_OBJECT_CONVERSION = YES_AGGRESSIVE;
				CLANG_CXX_LANGUAGE_STANDARD = "gnu++14";
				CLANG_CXX_LIBRARY = "libc++";
				CLANG_ENABLE_MODULES = YES;
				CLANG_ENABLE_OBJC_ARC = YES;
				CLANG_ENABLE_OBJC_WEAK = YES;
				CLANG_WARN_BLOCK_CAPTURE_AUTORELEASING = YES;
				CLANG_WARN_BOOL_CONVERSION = YES;
				CLANG_WARN_COMMA = YES;
				CLANG_WARN_CONSTANT_CONVERSION = YES;
				CLANG_WARN_DEPRECATED_OBJC_IMPLEMENTATIONS = YES;
				CLANG_WARN_DIRECT_OBJC_ISA_USAGE = YES_ERROR;
				CLANG_WARN_DOCUMENTATION_COMMENTS = YES;
				CLANG_WARN_EMPTY_BODY = YES;
				CLANG_WARN_ENUM_CONVERSION = YES;
				CLANG_WARN_INFINITE_RECURSION = YES;
				CLANG_WARN_INT_CONVERSION = YES;
				CLANG_WARN_NON_LITERAL_NULL_CONVERSION = YES;
				CLANG_WARN_OBJC_IMPLICIT_RETAIN_SELF = YES;
				CLANG_WARN_OBJC_LITERAL_CONVERSION = YES;
				CLANG_WARN_OBJC_ROOT_CLASS = YES_ERROR;
				CLANG_WARN_QUOTED_INCLUDE_IN_FRAMEWORK_HEADER = YES;
				CLANG_WARN_RANGE_LOOP_ANALYSIS = YES;
				CLANG_WARN_STRICT_PROTOTYPES = YES;
				CLANG_WARN_SUSPICIOUS_MOVE = YES;
				CLANG_WARN_UNGUARDED_AVAILABILITY = YES_AGGRESSIVE;
				CLANG_WARN_UNREACHABLE_CODE = YES;
				CLANG_WARN__DUPLICATE_METHOD_MATCH = YES;
				COPY_PHASE_STRIP = NO;
				DEBUG_INFORMATION_FORMAT = dwarf;
				ENABLE_STRICT_OBJC_MSGSEND = YES;
				ENABLE_TESTABILITY = YES;
				GCC_C_LANGUAGE_STANDARD = gnu11;
				GCC_DYNAMIC_NO_PIC = NO;
				GCC_NO_COMMON_BLOCKS = YES;
				GCC_OPTIMIZATION_LEVEL = 0;
				GCC_PREPROCESSOR_DEFINITIONS = (
					"DEBUG=1",
					"$(inherited)",
				);
				GCC_WARN_64_TO_32_BIT_CONVERSION = YES;
				GCC_WARN_ABOUT_RETURN_TYPE = YES_ERROR;
				GCC_WARN_UNDECLARED_SELECTOR = YES;
				GCC_WARN_UNINITIALIZED_AUTOS = YES_AGGRESSIVE;
				GCC_WARN_UNUSED_FUNCTION = YES;
				GCC_WARN_UNUSED_VARIABLE = YES;
				IPHONEOS_DEPLOYMENT_TARGET = 14.4;
				MTL_ENABLE_DEBUG_INFO = INCLUDE_SOURCE;
				MTL_FAST_MATH = YES;
				ONLY_ACTIVE_ARCH = YES;
				SDKROOT = iphoneos;
				SWIFT_ACTIVE_COMPILATION_CONDITIONS = DEBUG;
				SWIFT_OPTIMIZATION_LEVEL = "-Onone";
			};
			name = Debug;
		};
		B9E7E803281635B7007E72F9 /* Release */ = {
			isa = XCBuildConfiguration;
			buildSettings = {
				ALWAYS_SEARCH_USER_PATHS = NO;
				CLANG_ANALYZER_NONNULL = YES;
				CLANG_ANALYZER_NUMBER_OBJECT_CONVERSION = YES_AGGRESSIVE;
				CLANG_CXX_LANGUAGE_STANDARD = "gnu++14";
				CLANG_CXX_LIBRARY = "libc++";
				CLANG_ENABLE_MODULES = YES;
				CLANG_ENABLE_OBJC_ARC = YES;
				CLANG_ENABLE_OBJC_WEAK = YES;
				CLANG_WARN_BLOCK_CAPTURE_AUTORELEASING = YES;
				CLANG_WARN_BOOL_CONVERSION = YES;
				CLANG_WARN_COMMA = YES;
				CLANG_WARN_CONSTANT_CONVERSION = YES;
				CLANG_WARN_DEPRECATED_OBJC_IMPLEMENTATIONS = YES;
				CLANG_WARN_DIRECT_OBJC_ISA_USAGE = YES_ERROR;
				CLANG_WARN_DOCUMENTATION_COMMENTS = YES;
				CLANG_WARN_EMPTY_BODY = YES;
				CLANG_WARN_ENUM_CONVERSION = YES;
				CLANG_WARN_INFINITE_RECURSION = YES;
				CLANG_WARN_INT_CONVERSION = YES;
				CLANG_WARN_NON_LITERAL_NULL_CONVERSION = YES;
				CLANG_WARN_OBJC_IMPLICIT_RETAIN_SELF = YES;
				CLANG_WARN_OBJC_LITERAL_CONVERSION = YES;
				CLANG_WARN_OBJC_ROOT_CLASS = YES_ERROR;
				CLANG_WARN_QUOTED_INCLUDE_IN_FRAMEWORK_HEADER = YES;
				CLANG_WARN_RANGE_LOOP_ANALYSIS = YES;
				CLANG_WARN_STRICT_PROTOTYPES = YES;
				CLANG_WARN_SUSPICIOUS_MOVE = YES;
				CLANG_WARN_UNGUARDED_AVAILABILITY = YES_AGGRESSIVE;
				CLANG_WARN_UNREACHABLE_CODE = YES;
				CLANG_WARN__DUPLICATE_METHOD_MATCH = YES;
				COPY_PHASE_STRIP = NO;
				DEBUG_INFORMATION_FORMAT = "dwarf-with-dsym";
				ENABLE_NS_ASSERTIONS = NO;
				ENABLE_STRICT_OBJC_MSGSEND = YES;
				GCC_C_LANGUAGE_STANDARD = gnu11;
				GCC_NO_COMMON_BLOCKS = YES;
				GCC_WARN_64_TO_32_BIT_CONVERSION = YES;
				GCC_WARN_ABOUT_RETURN_TYPE = YES_ERROR;
				GCC_WARN_UNDECLARED_SELECTOR = YES;
				GCC_WARN_UNINITIALIZED_AUTOS = YES_AGGRESSIVE;
				GCC_WARN_UNUSED_FUNCTION = YES;
				GCC_WARN_UNUSED_VARIABLE = YES;
				IPHONEOS_DEPLOYMENT_TARGET = 14.4;
				MTL_ENABLE_DEBUG_INFO = NO;
				MTL_FAST_MATH = YES;
				SDKROOT = iphoneos;
				SWIFT_COMPILATION_MODE = wholemodule;
				SWIFT_OPTIMIZATION_LEVEL = "-O";
				VALIDATE_PRODUCT = YES;
			};
			name = Release;
		};
		B9E7E805281635B7007E72F9 /* Debug */ = {
			isa = XCBuildConfiguration;
			buildSettings = {
				ASSETCATALOG_COMPILER_APPICON_NAME = AppIcon;
				ASSETCATALOG_COMPILER_GLOBAL_ACCENT_COLOR_NAME = AccentColor;
				CODE_SIGN_STYLE = Automatic;
				DEVELOPMENT_TEAM = H93GHLCZJA;
				INFOPLIST_FILE = HelloWorld/Info.plist;
				LD_RUNPATH_SEARCH_PATHS = (
					"$(inherited)",
					"@executable_path/Frameworks",
				);
				PRODUCT_BUNDLE_IDENTIFIER = io.stockfin.HelloWorld;
				PRODUCT_NAME = "$(TARGET_NAME)";
				SWIFT_VERSION = 5.0;
				TARGETED_DEVICE_FAMILY = "1,2";
			};
			name = Debug;
		};
		B9E7E806281635B7007E72F9 /* Release */ = {
			isa = XCBuildConfiguration;
			buildSettings = {
				ASSETCATALOG_COMPILER_APPICON_NAME = AppIcon;
				ASSETCATALOG_COMPILER_GLOBAL_ACCENT_COLOR_NAME = AccentColor;
				CODE_SIGN_STYLE = Automatic;
				DEVELOPMENT_TEAM = H93GHLCZJA;
				INFOPLIST_FILE = HelloWorld/Info.plist;
				LD_RUNPATH_SEARCH_PATHS = (
					"$(inherited)",
					"@executable_path/Frameworks",
				);
				PRODUCT_BUNDLE_IDENTIFIER = io.stockfin.HelloWorld;
				PRODUCT_NAME = "$(TARGET_NAME)";
				SWIFT_VERSION = 5.0;
				TARGETED_DEVICE_FAMILY = "1,2";
			};
			name = Release;
		};
		B9E7E808281635B7007E72F9 /* Debug */ = {
			isa = XCBuildConfiguration;
			buildSettings = {
				ALWAYS_EMBED_SWIFT_STANDARD_LIBRARIES = YES;
				BUNDLE_LOADER = "$(TEST_HOST)";
				CODE_SIGN_STYLE = Automatic;
				DEVELOPMENT_TEAM = H93GHLCZJA;
				INFOPLIST_FILE = HelloWorldTests/Info.plist;
				IPHONEOS_DEPLOYMENT_TARGET = 14.4;
				LD_RUNPATH_SEARCH_PATHS = (
					"$(inherited)",
					"@executable_path/Frameworks",
					"@loader_path/Frameworks",
				);
				PRODUCT_BUNDLE_IDENTIFIER = io.stockfin.HelloWorldTests;
				PRODUCT_NAME = "$(TARGET_NAME)";
				SWIFT_VERSION = 5.0;
				TARGETED_DEVICE_FAMILY = "1,2";
				TEST_HOST = "$(BUILT_PRODUCTS_DIR)/HelloWorld.app/HelloWorld";
			};
			name = Debug;
		};
		B9E7E809281635B7007E72F9 /* Release */ = {
			isa = XCBuildConfiguration;
			buildSettings = {
				ALWAYS_EMBED_SWIFT_STANDARD_LIBRARIES = YES;
				BUNDLE_LOADER = "$(TEST_HOST)";
				CODE_SIGN_STYLE = Automatic;
				DEVELOPMENT_TEAM = H93GHLCZJA;
				INFOPLIST_FILE = HelloWorldTests/Info.plist;
				IPHONEOS_DEPLOYMENT_TARGET = 14.4;
				LD_RUNPATH_SEARCH_PATHS = (
					"$(inherited)",
					"@executable_path/Frameworks",
					"@loader_path/Frameworks",
				);
				PRODUCT_BUNDLE_IDENTIFIER = io.stockfin.HelloWorldTests;
				PRODUCT_NAME = "$(TARGET_NAME)";
				SWIFT_VERSION = 5.0;
				TARGETED_DEVICE_FAMILY = "1,2";
				TEST_HOST = "$(BUILT_PRODUCTS_DIR)/HelloWorld.app/HelloWorld";
			};
			name = Release;
		};
		B9E7E80B281635B7007E72F9 /* Debug */ = {
			isa = XCBuildConfiguration;
			buildSettings = {
				ALWAYS_EMBED_SWIFT_STANDARD_LIBRARIES = YES;
				CODE_SIGN_STYLE = Automatic;
				DEVELOPMENT_TEAM = H93GHLCZJA;
				INFOPLIST_FILE = HelloWorldUITests/Info.plist;
				LD_RUNPATH_SEARCH_PATHS = (
					"$(inherited)",
					"@executable_path/Frameworks",
					"@loader_path/Frameworks",
				);
				PRODUCT_BUNDLE_IDENTIFIER = io.stockfin.HelloWorldUITests;
				PRODUCT_NAME = "$(TARGET_NAME)";
				SWIFT_VERSION = 5.0;
				TARGETED_DEVICE_FAMILY = "1,2";
				TEST_TARGET_NAME = HelloWorld;
			};
			name = Debug;
		};
		B9E7E80C281635B7007E72F9 /* Release */ = {
			isa = XCBuildConfiguration;
			buildSettings = {
				ALWAYS_EMBED_SWIFT_STANDARD_LIBRARIES = YES;
				CODE_SIGN_STYLE = Automatic;
				DEVELOPMENT_TEAM = H93GHLCZJA;
				INFOPLIST_FILE = HelloWorldUITests/Info.plist;
				LD_RUNPATH_SEARCH_PATHS = (
					"$(inherited)",
					"@executable_path/Frameworks",
					"@loader_path/Frameworks",
				);
				PRODUCT_BUNDLE_IDENTIFIER = io.stockfin.HelloWorldUITests;
				PRODUCT_NAME = "$(TARGET_NAME)";
				SWIFT_VERSION = 5.0;
				TARGETED_DEVICE_FAMILY = "1,2";
				TEST_TARGET_NAME = HelloWorld;
			};
			name = Release;
		};
/* End XCBuildConfiguration section */

/* Begin XCConfigurationList section */
		B9E7E7D5281635B4007E72F9 /* Build configuration list for PBXProject "HelloWorld" */ = {
			isa = XCConfigurationList;
			buildConfigurations = (
				B9E7E802281635B7007E72F9 /* Debug */,
				B9E7E803281635B7007E72F9 /* Release */,
			);
			defaultConfigurationIsVisible = 0;
			defaultConfigurationName = Release;
		};
		B9E7E804281635B7007E72F9 /* Build configuration list for PBXNativeTarget "HelloWorld" */ = {
			isa = XCConfigurationList;
			buildConfigurations = (
				B9E7E805281635B7007E72F9 /* Debug */,
				B9E7E806281635B7007E72F9 /* Release */,
			);
			defaultConfigurationIsVisible = 0;
			defaultConfigurationName = Release;
		};
		B9E7E807281635B7007E72F9 /* Build configuration list for PBXNativeTarget "HelloWorldTests" */ = {
			isa = XCConfigurationList;
			buildConfigurations = (
				B9E7E808281635B7007E72F9 /* Debug */,
				B9E7E809281635B7007E72F9 /* Release */,
			);
			defaultConfigurationIsVisible = 0;
			defaultConfigurationName = Release;
		};
		B9E7E80A281635B7007E72F9 /* Build configuration list for PBXNativeTarget "HelloWorldUITests" */ = {
			isa = XCConfigurationList;
			buildConfigurations = (
				B9E7E80B281635B7007E72F9 /* Debug */,
				B9E7E80C281635B7007E72F9 /* Release */,
			);
			defaultConfigurationIsVisible = 0;
			defaultConfigurationName = Release;
		};
/* End XCConfigurationList section */
	};
	rootObject = B9E7E7D2281635B4007E72F9 /* Project object */;
}
